
Microsoft Visual Studio Solution File, Format Version 12.00
Project("{2150E333-8FDC-42A3-9474-1A3956D46DE8}") = "src", "src", "{8ED774F4-D429-4B82-B768-50DCA8EFF609}"
EndProject
Project("{2150E333-8FDC-42A3-9474-1A3956D46DE8}") = "tests", "tests", "{792FFE57-F1A0-47A4-9E2A-80F75FF2F8DB}"
EndProject
Project("{FAE04EC0-301F-11D3-BF4B-00C04F79EFBC}") = "Lab1", "src\Lab1\Lab1.csproj", "{EABA4888-E6C1-4ACC-856E-FBD34CEA3EDB}"
EndProject
Project("{FAE04EC0-301F-11D3-BF4B-00C04F79EFBC}") = "Lab1.Tests", "tests\Lab1.Tests\Lab1.Tests.csproj", "{4CA1BCBB-A6F3-4ED0-9E5F-849FF093EDE1}"
EndProject
Project("{2150E333-8FDC-42A3-9474-1A3956D46DE8}") = "common", "common", "{21E20419-0C74-46BC-9D7D-A24CEEC29ACC}"
	ProjectSection(SolutionItems) = preProject
		Directory.Build.props = Directory.Build.props
		Directory.Packages.props = Directory.Packages.props
		.editorconfig = .editorconfig
	EndProjectSection
EndProject
Project("{FAE04EC0-301F-11D3-BF4B-00C04F79EFBC}") = "Lab2", "src\Lab2\Lab2.csproj", "{433B9342-A6BF-4194-8F08-727AADAE7504}"
EndProject
Project("{FAE04EC0-301F-11D3-BF4B-00C04F79EFBC}") = "Lab3", "src\Lab3\Lab3.csproj", "{43B4CD48-18D5-4EDE-80CB-86460F4C64CB}"
EndProject
Project("{FAE04EC0-301F-11D3-BF4B-00C04F79EFBC}") = "Lab4", "src\Lab4\Lab4.csproj", "{A53D3DBD-FA2D-47B4-90A9-B44AF07ADE71}"
EndProject
Project("{2150E333-8FDC-42A3-9474-1A3956D46DE8}") = "Lab5", "Lab5", "{55C309C9-B7DE-4F64-AFDE-A33F9C2AB2D4}"
EndProject
Project("{FAE04EC0-301F-11D3-BF4B-00C04F79EFBC}") = "Lab2.Tests", "tests\Lab2.Tests\Lab2.Tests.csproj", "{25D0E1F0-760B-4E76-B0D9-3EF274B35AF6}"
EndProject
Project("{FAE04EC0-301F-11D3-BF4B-00C04F79EFBC}") = "Lab3.Tests", "tests\Lab3.Tests\Lab3.Tests.csproj", "{7E5E46DB-EF55-47E6-822A-6AE20BF2FCD9}"
EndProject
Project("{FAE04EC0-301F-11D3-BF4B-00C04F79EFBC}") = "Lab4.Tests", "tests\Lab4.Tests\Lab4.Tests.csproj", "{17689E4A-FE4F-4893-8E28-3BA911DEC8D8}"
EndProject
Project("{FAE04EC0-301F-11D3-BF4B-00C04F79EFBC}") = "Lab5.Tests", "tests\Lab5.Tests\Lab5.Tests.csproj", "{FA627A62-AD7A-4A72-B15C-EC8AEFD206DB}"
EndProject
Project("{2150E333-8FDC-42A3-9474-1A3956D46DE8}") = "Application", "Application", "{4694F6D3-3732-4F76-A9AB-64578AD4E967}"
EndProject
Project("{2150E333-8FDC-42A3-9474-1A3956D46DE8}") = "Infrastructure", "Infrastructure", "{E24D804E-5C9C-486D-926F-F653584A81FB}"
EndProject
Project("{2150E333-8FDC-42A3-9474-1A3956D46DE8}") = "Presentation", "Presentation", "{76743255-AA0D-4E1A-9D6B-E12DAA3836D4}"
EndProject
Project("{FAE04EC0-301F-11D3-BF4B-00C04F79EFBC}") = "Application.Abstractions", "src\Lab5\Application.Abstractions\Application.Abstractions.csproj", "{B8ACC034-FAA8-4ADC-9900-838F8EDEFEC2}"
EndProject
Project("{FAE04EC0-301F-11D3-BF4B-00C04F79EFBC}") = "Application.Models", "src\Lab5\Application.Models\Application.Models.csproj", "{B49DF840-36DA-4ED1-87D8-A1D4BDACB859}"
EndProject
Project("{FAE04EC0-301F-11D3-BF4B-00C04F79EFBC}") = "Infrastructure.DataAccess", "src\Lab5\Infrastructure.DataAccess\Infrastructure.DataAccess.csproj", "{47A19D55-C19E-4E6A-BF5E-785843E8DA9D}"
EndProject
Project("{FAE04EC0-301F-11D3-BF4B-00C04F79EFBC}") = "Application.Contracts", "src\Lab5\Application.Contracts\Application.Contracts.csproj", "{AB3E01F9-0930-49FE-BFAA-D757D999F0B6}"
EndProject
Project("{FAE04EC0-301F-11D3-BF4B-00C04F79EFBC}") = "Presentation.Console", "src\Lab5\Presentation.Console\Presentation.Console.csproj", "{77B79244-2065-4205-B7C6-61388B0FED43}"
EndProject
Project("{FAE04EC0-301F-11D3-BF4B-00C04F79EFBC}") = "Application.Application", "src\Lab5\Application.Application\Application.Application.csproj", "{04CC9F27-7B6F-4CEC-BAD3-59C2E97983E5}"
EndProject
Project("{FAE04EC0-301F-11D3-BF4B-00C04F79EFBC}") = "Lab", "src\Lab5\Lab\Lab.csproj", "{D54B18A5-5B2C-4211-8FEC-A32C55E2147D}"
EndProject
Global
	GlobalSection(SolutionConfigurationPlatforms) = preSolution
		Debug|Any CPU = Debug|Any CPU
		Release|Any CPU = Release|Any CPU
	EndGlobalSection
	GlobalSection(NestedProjects) = preSolution
		{EABA4888-E6C1-4ACC-856E-FBD34CEA3EDB} = {8ED774F4-D429-4B82-B768-50DCA8EFF609}
		{4CA1BCBB-A6F3-4ED0-9E5F-849FF093EDE1} = {792FFE57-F1A0-47A4-9E2A-80F75FF2F8DB}
		{433B9342-A6BF-4194-8F08-727AADAE7504} = {8ED774F4-D429-4B82-B768-50DCA8EFF609}
		{43B4CD48-18D5-4EDE-80CB-86460F4C64CB} = {8ED774F4-D429-4B82-B768-50DCA8EFF609}
		{A53D3DBD-FA2D-47B4-90A9-B44AF07ADE71} = {8ED774F4-D429-4B82-B768-50DCA8EFF609}
		{55C309C9-B7DE-4F64-AFDE-A33F9C2AB2D4} = {8ED774F4-D429-4B82-B768-50DCA8EFF609}
		{25D0E1F0-760B-4E76-B0D9-3EF274B35AF6} = {792FFE57-F1A0-47A4-9E2A-80F75FF2F8DB}
		{7E5E46DB-EF55-47E6-822A-6AE20BF2FCD9} = {792FFE57-F1A0-47A4-9E2A-80F75FF2F8DB}
		{17689E4A-FE4F-4893-8E28-3BA911DEC8D8} = {792FFE57-F1A0-47A4-9E2A-80F75FF2F8DB}
		{FA627A62-AD7A-4A72-B15C-EC8AEFD206DB} = {792FFE57-F1A0-47A4-9E2A-80F75FF2F8DB}
		{4694F6D3-3732-4F76-A9AB-64578AD4E967} = {55C309C9-B7DE-4F64-AFDE-A33F9C2AB2D4}
		{E24D804E-5C9C-486D-926F-F653584A81FB} = {55C309C9-B7DE-4F64-AFDE-A33F9C2AB2D4}
		{76743255-AA0D-4E1A-9D6B-E12DAA3836D4} = {55C309C9-B7DE-4F64-AFDE-A33F9C2AB2D4}
		{B8ACC034-FAA8-4ADC-9900-838F8EDEFEC2} = {4694F6D3-3732-4F76-A9AB-64578AD4E967}
		{B49DF840-36DA-4ED1-87D8-A1D4BDACB859} = {4694F6D3-3732-4F76-A9AB-64578AD4E967}
		{47A19D55-C19E-4E6A-BF5E-785843E8DA9D} = {E24D804E-5C9C-486D-926F-F653584A81FB}
		{AB3E01F9-0930-49FE-BFAA-D757D999F0B6} = {4694F6D3-3732-4F76-A9AB-64578AD4E967}
		{77B79244-2065-4205-B7C6-61388B0FED43} = {76743255-AA0D-4E1A-9D6B-E12DAA3836D4}
		{04CC9F27-7B6F-4CEC-BAD3-59C2E97983E5} = {4694F6D3-3732-4F76-A9AB-64578AD4E967}
		{D54B18A5-5B2C-4211-8FEC-A32C55E2147D} = {55C309C9-B7DE-4F64-AFDE-A33F9C2AB2D4}
	EndGlobalSection
	GlobalSection(ProjectConfigurationPlatforms) = postSolution
		{EABA4888-E6C1-4ACC-856E-FBD34CEA3EDB}.Debug|Any CPU.ActiveCfg = Debug|Any CPU
		{EABA4888-E6C1-4ACC-856E-FBD34CEA3EDB}.Debug|Any CPU.Build.0 = Debug|Any CPU
		{EABA4888-E6C1-4ACC-856E-FBD34CEA3EDB}.Release|Any CPU.ActiveCfg = Release|Any CPU
		{EABA4888-E6C1-4ACC-856E-FBD34CEA3EDB}.Release|Any CPU.Build.0 = Release|Any CPU
		{4CA1BCBB-A6F3-4ED0-9E5F-849FF093EDE1}.Debug|Any CPU.ActiveCfg = Debug|Any CPU
		{4CA1BCBB-A6F3-4ED0-9E5F-849FF093EDE1}.Debug|Any CPU.Build.0 = Debug|Any CPU
		{4CA1BCBB-A6F3-4ED0-9E5F-849FF093EDE1}.Release|Any CPU.ActiveCfg = Release|Any CPU
		{4CA1BCBB-A6F3-4ED0-9E5F-849FF093EDE1}.Release|Any CPU.Build.0 = Release|Any CPU
		{433B9342-A6BF-4194-8F08-727AADAE7504}.Debug|Any CPU.ActiveCfg = Debug|Any CPU
		{433B9342-A6BF-4194-8F08-727AADAE7504}.Debug|Any CPU.Build.0 = Debug|Any CPU
		{433B9342-A6BF-4194-8F08-727AADAE7504}.Release|Any CPU.ActiveCfg = Release|Any CPU
		{433B9342-A6BF-4194-8F08-727AADAE7504}.Release|Any CPU.Build.0 = Release|Any CPU
		{43B4CD48-18D5-4EDE-80CB-86460F4C64CB}.Debug|Any CPU.ActiveCfg = Debug|Any CPU
		{43B4CD48-18D5-4EDE-80CB-86460F4C64CB}.Debug|Any CPU.Build.0 = Debug|Any CPU
		{43B4CD48-18D5-4EDE-80CB-86460F4C64CB}.Release|Any CPU.ActiveCfg = Release|Any CPU
		{43B4CD48-18D5-4EDE-80CB-86460F4C64CB}.Release|Any CPU.Build.0 = Release|Any CPU
		{A53D3DBD-FA2D-47B4-90A9-B44AF07ADE71}.Debug|Any CPU.ActiveCfg = Debug|Any CPU
		{A53D3DBD-FA2D-47B4-90A9-B44AF07ADE71}.Debug|Any CPU.Build.0 = Debug|Any CPU
		{A53D3DBD-FA2D-47B4-90A9-B44AF07ADE71}.Release|Any CPU.ActiveCfg = Release|Any CPU
		{A53D3DBD-FA2D-47B4-90A9-B44AF07ADE71}.Release|Any CPU.Build.0 = Release|Any CPU
		{25D0E1F0-760B-4E76-B0D9-3EF274B35AF6}.Debug|Any CPU.ActiveCfg = Debug|Any CPU
		{25D0E1F0-760B-4E76-B0D9-3EF274B35AF6}.Debug|Any CPU.Build.0 = Debug|Any CPU
		{25D0E1F0-760B-4E76-B0D9-3EF274B35AF6}.Release|Any CPU.ActiveCfg = Release|Any CPU
		{25D0E1F0-760B-4E76-B0D9-3EF274B35AF6}.Release|Any CPU.Build.0 = Release|Any CPU
		{7E5E46DB-EF55-47E6-822A-6AE20BF2FCD9}.Debug|Any CPU.ActiveCfg = Debug|Any CPU
		{7E5E46DB-EF55-47E6-822A-6AE20BF2FCD9}.Debug|Any CPU.Build.0 = Debug|Any CPU
		{7E5E46DB-EF55-47E6-822A-6AE20BF2FCD9}.Release|Any CPU.ActiveCfg = Release|Any CPU
		{7E5E46DB-EF55-47E6-822A-6AE20BF2FCD9}.Release|Any CPU.Build.0 = Release|Any CPU
		{17689E4A-FE4F-4893-8E28-3BA911DEC8D8}.Debug|Any CPU.ActiveCfg = Debug|Any CPU
		{17689E4A-FE4F-4893-8E28-3BA911DEC8D8}.Debug|Any CPU.Build.0 = Debug|Any CPU
		{17689E4A-FE4F-4893-8E28-3BA911DEC8D8}.Release|Any CPU.ActiveCfg = Release|Any CPU
		{17689E4A-FE4F-4893-8E28-3BA911DEC8D8}.Release|Any CPU.Build.0 = Release|Any CPU
		{FA627A62-AD7A-4A72-B15C-EC8AEFD206DB}.Debug|Any CPU.ActiveCfg = Debug|Any CPU
		{FA627A62-AD7A-4A72-B15C-EC8AEFD206DB}.Debug|Any CPU.Build.0 = Debug|Any CPU
		{FA627A62-AD7A-4A72-B15C-EC8AEFD206DB}.Release|Any CPU.ActiveCfg = Release|Any CPU
		{FA627A62-AD7A-4A72-B15C-EC8AEFD206DB}.Release|Any CPU.Build.0 = Release|Any CPU
		{B8ACC034-FAA8-4ADC-9900-838F8EDEFEC2}.Debug|Any CPU.ActiveCfg = Debug|Any CPU
		{B8ACC034-FAA8-4ADC-9900-838F8EDEFEC2}.Debug|Any CPU.Build.0 = Debug|Any CPU
		{B8ACC034-FAA8-4ADC-9900-838F8EDEFEC2}.Release|Any CPU.ActiveCfg = Release|Any CPU
		{B8ACC034-FAA8-4ADC-9900-838F8EDEFEC2}.Release|Any CPU.Build.0 = Release|Any CPU
		{B49DF840-36DA-4ED1-87D8-A1D4BDACB859}.Debug|Any CPU.ActiveCfg = Debug|Any CPU
		{B49DF840-36DA-4ED1-87D8-A1D4BDACB859}.Debug|Any CPU.Build.0 = Debug|Any CPU
		{B49DF840-36DA-4ED1-87D8-A1D4BDACB859}.Release|Any CPU.ActiveCfg = Release|Any CPU
		{B49DF840-36DA-4ED1-87D8-A1D4BDACB859}.Release|Any CPU.Build.0 = Release|Any CPU
		{47A19D55-C19E-4E6A-BF5E-785843E8DA9D}.Debug|Any CPU.ActiveCfg = Debug|Any CPU
		{47A19D55-C19E-4E6A-BF5E-785843E8DA9D}.Debug|Any CPU.Build.0 = Debug|Any CPU
		{47A19D55-C19E-4E6A-BF5E-785843E8DA9D}.Release|Any CPU.ActiveCfg = Release|Any CPU
		{47A19D55-C19E-4E6A-BF5E-785843E8DA9D}.Release|Any CPU.Build.0 = Release|Any CPU
		{AB3E01F9-0930-49FE-BFAA-D757D999F0B6}.Debug|Any CPU.ActiveCfg = Debug|Any CPU
		{AB3E01F9-0930-49FE-BFAA-D757D999F0B6}.Debug|Any CPU.Build.0 = Debug|Any CPU
		{AB3E01F9-0930-49FE-BFAA-D757D999F0B6}.Release|Any CPU.ActiveCfg = Release|Any CPU
		{AB3E01F9-0930-49FE-BFAA-D757D999F0B6}.Release|Any CPU.Build.0 = Release|Any CPU
		{77B79244-2065-4205-B7C6-61388B0FED43}.Debug|Any CPU.ActiveCfg = Debug|Any CPU
		{77B79244-2065-4205-B7C6-61388B0FED43}.Debug|Any CPU.Build.0 = Debug|Any CPU
		{77B79244-2065-4205-B7C6-61388B0FED43}.Release|Any CPU.ActiveCfg = Release|Any CPU
		{77B79244-2065-4205-B7C6-61388B0FED43}.Release|Any CPU.Build.0 = Release|Any CPU
		{04CC9F27-7B6F-4CEC-BAD3-59C2E97983E5}.Debug|Any CPU.ActiveCfg = Debug|Any CPU
		{04CC9F27-7B6F-4CEC-BAD3-59C2E97983E5}.Debug|Any CPU.Build.0 = Debug|Any CPU
		{04CC9F27-7B6F-4CEC-BAD3-59C2E97983E5}.Release|Any CPU.ActiveCfg = Release|Any CPU
		{04CC9F27-7B6F-4CEC-BAD3-59C2E97983E5}.Release|Any CPU.Build.0 = Release|Any CPU
		{D54B18A5-5B2C-4211-8FEC-A32C55E2147D}.Debug|Any CPU.ActiveCfg = Debug|Any CPU
		{D54B18A5-5B2C-4211-8FEC-A32C55E2147D}.Debug|Any CPU.Build.0 = Debug|Any CPU
		{D54B18A5-5B2C-4211-8FEC-A32C55E2147D}.Release|Any CPU.ActiveCfg = Release|Any CPU
		{D54B18A5-5B2C-4211-8FEC-A32C55E2147D}.Release|Any CPU.Build.0 = Release|Any CPU
	EndGlobalSection
EndGlobal
